
Microsoft Visual Studio Solution File, Format Version 12.00
# Visual Studio Version 17
VisualStudioVersion = 17.8.34316.72
MinimumVisualStudioVersion = 10.0.40219.1
Project("{9A19103F-16F7-4668-BE54-9A1E7A4F7556}") = "FundamentosOctubreNetCore", "FundamentosOctubreNetCore\FundamentosOctubreNetCore.csproj", "{164521F2-87FD-42AC-9AA2-CD0B5270D7FB}"
EndProject
Project("{9A19103F-16F7-4668-BE54-9A1E7A4F7556}") = "ProyectoClases", "ProyectoClases\ProyectoClases.csproj", "{AD137345-9A0B-488C-8EE8-01D690C7C00D}"
EndProject
Project("{9A19103F-16F7-4668-BE54-9A1E7A4F7556}") = "AdoNet", "AdoNet\AdoNet.csproj", "{9DE6A02D-B9D4-4763-96C4-3CDC7C66DB1C}"
EndProject
Project("{9A19103F-16F7-4668-BE54-9A1E7A4F7556}") = "NetCoreEF", "NetCoreEF\NetCoreEF.csproj", "{37005E4B-70B5-45CA-A623-65E35696EE54}"
EndProject
Project("{9A19103F-16F7-4668-BE54-9A1E7A4F7556}") = "NetCoreEFFinal", "NetCoreEFFinal\NetCoreEFFinal.csproj", "{E9D71E5C-24A2-454F-B3F7-5628C137E0EE}"
EndProject
Project("{FAE04EC0-301F-11D3-BF4B-00C04F79EFBC}") = "ServiciosApiCliente", "ServiciosApiCliente\ServiciosApiCliente.csproj", "{2CAEE0EE-2FE2-4F3D-A867-9EB528BD8A8A}"
EndProject
Global
	GlobalSection(SolutionConfigurationPlatforms) = preSolution
		Debug|Any CPU = Debug|Any CPU
		Release|Any CPU = Release|Any CPU
	EndGlobalSection
	GlobalSection(ProjectConfigurationPlatforms) = postSolution
		{164521F2-87FD-42AC-9AA2-CD0B5270D7FB}.Debug|Any CPU.ActiveCfg = Debug|Any CPU
		{164521F2-87FD-42AC-9AA2-CD0B5270D7FB}.Debug|Any CPU.Build.0 = Debug|Any CPU
		{164521F2-87FD-42AC-9AA2-CD0B5270D7FB}.Release|Any CPU.ActiveCfg = Release|Any CPU
		{164521F2-87FD-42AC-9AA2-CD0B5270D7FB}.Release|Any CPU.Build.0 = Release|Any CPU
		{AD137345-9A0B-488C-8EE8-01D690C7C00D}.Debug|Any CPU.ActiveCfg = Debug|Any CPU
		{AD137345-9A0B-488C-8EE8-01D690C7C00D}.Debug|Any CPU.Build.0 = Debug|Any CPU
		{AD137345-9A0B-488C-8EE8-01D690C7C00D}.Release|Any CPU.ActiveCfg = Release|Any CPU
		{AD137345-9A0B-488C-8EE8-01D690C7C00D}.Release|Any CPU.Build.0 = Release|Any CPU
		{9DE6A02D-B9D4-4763-96C4-3CDC7C66DB1C}.Debug|Any CPU.ActiveCfg = Debug|Any CPU
		{9DE6A02D-B9D4-4763-96C4-3CDC7C66DB1C}.Debug|Any CPU.Build.0 = Debug|Any CPU
		{9DE6A02D-B9D4-4763-96C4-3CDC7C66DB1C}.Release|Any CPU.ActiveCfg = Release|Any CPU
		{9DE6A02D-B9D4-4763-96C4-3CDC7C66DB1C}.Release|Any CPU.Build.0 = Release|Any CPU
		{37005E4B-70B5-45CA-A623-65E35696EE54}.Debug|Any CPU.ActiveCfg = Debug|Any CPU
		{37005E4B-70B5-45CA-A623-65E35696EE54}.Debug|Any CPU.Build.0 = Debug|Any CPU
		{37005E4B-70B5-45CA-A623-65E35696EE54}.Release|Any CPU.ActiveCfg = Release|Any CPU
		{37005E4B-70B5-45CA-A623-65E35696EE54}.Release|Any CPU.Build.0 = Release|Any CPU
		{E9D71E5C-24A2-454F-B3F7-5628C137E0EE}.Debug|Any CPU.ActiveCfg = Debug|Any CPU
		{E9D71E5C-24A2-454F-B3F7-5628C137E0EE}.Debug|Any CPU.Build.0 = Debug|Any CPU
		{E9D71E5C-24A2-454F-B3F7-5628C137E0EE}.Release|Any CPU.ActiveCfg = Release|Any CPU
		{E9D71E5C-24A2-454F-B3F7-5628C137E0EE}.Release|Any CPU.Build.0 = Release|Any CPU
		{2CAEE0EE-2FE2-4F3D-A867-9EB528BD8A8A}.Debug|Any CPU.ActiveCfg = Debug|Any CPU
		{2CAEE0EE-2FE2-4F3D-A867-9EB528BD8A8A}.Debug|Any CPU.Build.0 = Debug|Any CPU
		{2CAEE0EE-2FE2-4F3D-A867-9EB528BD8A8A}.Release|Any CPU.ActiveCfg = Release|Any CPU
		{2CAEE0EE-2FE2-4F3D-A867-9EB528BD8A8A}.Release|Any CPU.Build.0 = Release|Any CPU
	EndGlobalSection
	GlobalSection(SolutionProperties) = preSolution
		HideSolutionNode = FALSE
	EndGlobalSection
	GlobalSection(ExtensibilityGlobals) = postSolution
		SolutionGuid = {D4EDE09A-B3D7-488C-A419-1FACC1A8A4F1}
	EndGlobalSection
EndGlobal
